<Solution>
  <Folder Name="/ChatHistory/">
    <Project Path="D:/Work/MicrosoftAgentFramework/MessageHistory/MessageHistory.csproj" Id="1dc5fcb2-964e-43c9-9572-a5137b328e63" />
  </Folder>
  <Folder Name="/Input (PDF &amp; Image)/">
    <Project Path="AgentInputData/AgentInputData.csproj" Id="c3d674e9-f36a-4b21-b7aa-f8d0977d131d" />
  </Folder>
  <Folder Name="/Multi Agent Scenarios/">
    <Project Path="MultiAgent.AgentAsTool/MultiAgent.AgentAsTool.csproj" Id="bedd84d4-ebaa-410f-9d1a-5abd2a9af45a" />
    <Project Path="MultiAgent.ManualViaStructuredOutput/MultiAgent.ManualViaStructuredOutput.csproj" Id="4d621107-9de6-486c-bf13-7b6c57a04617" />
  </Folder>
  <Folder Name="/StronglyTypedOutput/">
    <Project Path="StronglyTypedOutputStructuredOutput/StronglyTypedOutputStructuredOutput.csproj" Id="bccc20bc-5e30-4281-b0a0-a807ae82390b" />
  </Folder>
  <Folder Name="/ThinkingReasoning/">
    <Project Path="Reasoning.OpenAI/Reasoning.OpenAI.csproj" Id="2ba0f21c-4f67-4032-8537-f50c276e350f" />
  </Folder>
  <Folder Name="/ToolsAndMCP/">
    <Project Path="ComplexToolCalling/ComplexToolCalling.csproj" Id="d3f4345c-e9c5-462a-9132-5e82188aa139" />
    <Project Path="D:/Work/MicrosoftAgentFramework/BasicToolCalling/BasicToolCalling.csproj" Id="57f410de-1112-4f4c-9a90-ada209a8bf8b" />
    <Project Path="McpServerToolCalling/McpServerToolCalling.csproj" Id="b0c43de4-b614-477f-a750-8257f9c5fb7a" />
  </Folder>
  <Folder Name="/Workflows/">
    <Project Path="Workflow/Workflow.AiAssisted.PizzaSample/Workflow.AiAssisted.PizzaSample.csproj" />
    <Project Path="Workflow/Workflow.Sequential/Workflow.Sequential.csproj" />
  </Folder>
  <Project Path="D:/Work/MicrosoftAgentFramework/Agent.AzureAiFoundry/Agent.AzureAiFoundry.csproj" />
  <Project Path="D:/Work/MicrosoftAgentFramework/Agent.AzureFoundryLocal/Agent.AzureFoundryLocal.csproj" Id="7769b506-a1cb-4b8a-920c-60bea75a2f53" />
  <Project Path="D:/Work/MicrosoftAgentFramework/Agent.AzureOpenAi/Agent.AzureOpenAi.csproj" />
  <Project Path="D:/Work/MicrosoftAgentFramework/Agent.Olaama/Agent.Olaama.csproj" Id="0e841bfc-a544-4d53-af14-d604e5edddc4" />
  <Project Path="D:/Work/MicrosoftAgentFramework/Agent.OpenAI/Agent.OpenAI.csproj" />
  <Project Path="D:/Work/MicrosoftAgentFramework/ProjectConstant/ProjectConstant.csproj" />
  <Project Path="D:/Work/MicrosoftAgentFramework/Shared/Shared.csproj" Id="8e74497b-66cd-4d8c-a502-dabb8c31f092" />
  <Project Path="D:/Work/MicrosoftAgentFramework/TokenUsage/TokenUsage.csproj" Id="4b66b733-c750-4d78-9bfa-7e4d6e7dc2ae" />
</Solution>
